---
### chip_lock ###
custom_chip_mekenthompson_lock:
  template:
    - "chip_mdi_icon_state"
    - "custom_chip_mekenthompson_lock_language_variables"
    - "ulm_language_variables"
  label: |
    [[[
      var lock_label = variables.ulm_unknown;
      if (entity.state == "locked"){
        var lock_label = variables.custom_chip_mekenthompson_lock_locked;
      } else if(entity.state == "unlocked"){
        var lock_label = variables.custom_chip_mekenthompson_lock_unlocked;
      }
      return lock_label;
    ]]]
  icon: |
    [[[
      var lock_icon = "mdi:lock-outline";
      if (entity.state == "locked"){
        var lock_icon = "mdi:lock-check";
      } else if(entity.state == "unlocked"){
        var lock_icon = "mdi:lock-open-alert";
      } 
      return lock_icon;
    ]]]
  styles:
    icon:
      - color: |
          [[[
            var lock_color = "var(--google-black)";
            if (entity.state == "locked"){
              var lock_color = "var(--google-black)";
            } else if(entity.state == "unlocked"){
              var lock_color = "var(--google-yellow)";
            }
            return lock_color;
          ]]]
